
Microsoft Visual Studio Solution File, Format Version 12.00
# Visual Studio Version 16
VisualStudioVersion = 16.0.31424.327
MinimumVisualStudioVersion = 10.0.40219.1
Project("{FAE04EC0-301F-11D3-BF4B-00C04F79EFBC}") = "Quiz", "Quiz.csproj", "{209E4200-03E0-4485-BB84-CCA88BD8A600}"
EndProject
Global
	GlobalSection(SolutionConfigurationPlatforms) = preSolution
		Debug|Any CPU = Debug|Any CPU
		Release|Any CPU = Release|Any CPU
	EndGlobalSection
	GlobalSection(ProjectConfigurationPlatforms) = postSolution
		{209E4200-03E0-4485-BB84-CCA88BD8A600}.Debug|Any CPU.ActiveCfg = Debug|Any CPU
		{209E4200-03E0-4485-BB84-CCA88BD8A600}.Debug|Any CPU.Build.0 = Debug|Any CPU
		{209E4200-03E0-4485-BB84-CCA88BD8A600}.Release|Any CPU.ActiveCfg = Release|Any CPU
		{209E4200-03E0-4485-BB84-CCA88BD8A600}.Release|Any CPU.Build.0 = Release|Any CPU
	EndGlobalSection
	GlobalSection(SolutionProperties) = preSolution
		HideSolutionNode = FALSE
	EndGlobalSection
	GlobalSection(ExtensibilityGlobals) = postSolution
		SolutionGuid = {052B9375-3AF3-4E51-A32E-E8A5F946F11D}
	EndGlobalSection
EndGlobal
