
Microsoft Visual Studio Solution File, Format Version 12.00
# Visual Studio Version 16
VisualStudioVersion = 16.0.31424.327
MinimumVisualStudioVersion = 10.0.40219.1
Project("{FAE04EC0-301F-11D3-BF4B-00C04F79EFBC}") = "2DArray", "2DArray.csproj", "{C0C6974F-8BC7-4480-A7FB-66CB1406004D}"
EndProject
Global
	GlobalSection(SolutionConfigurationPlatforms) = preSolution
		Debug|Any CPU = Debug|Any CPU
		Release|Any CPU = Release|Any CPU
	EndGlobalSection
	GlobalSection(ProjectConfigurationPlatforms) = postSolution
		{C0C6974F-8BC7-4480-A7FB-66CB1406004D}.Debug|Any CPU.ActiveCfg = Debug|Any CPU
		{C0C6974F-8BC7-4480-A7FB-66CB1406004D}.Debug|Any CPU.Build.0 = Debug|Any CPU
		{C0C6974F-8BC7-4480-A7FB-66CB1406004D}.Release|Any CPU.ActiveCfg = Release|Any CPU
		{C0C6974F-8BC7-4480-A7FB-66CB1406004D}.Release|Any CPU.Build.0 = Release|Any CPU
	EndGlobalSection
	GlobalSection(SolutionProperties) = preSolution
		HideSolutionNode = FALSE
	EndGlobalSection
	GlobalSection(ExtensibilityGlobals) = postSolution
		SolutionGuid = {D894E4BC-0B22-4080-9847-D1F9B1A7EEBE}
	EndGlobalSection
EndGlobal
