
Microsoft Visual Studio Solution File, Format Version 12.00
# Visual Studio Version 16
VisualStudioVersion = 16.0.31624.102
MinimumVisualStudioVersion = 10.0.40219.1
Project("{FAE04EC0-301F-11D3-BF4B-00C04F79EFBC}") = "Numbers", "Numbers.csproj", "{21A6F22F-ED9C-4FEA-A126-BCBE8457F7EE}"
EndProject
Global
	GlobalSection(SolutionConfigurationPlatforms) = preSolution
		Debug|Any CPU = Debug|Any CPU
		Release|Any CPU = Release|Any CPU
	EndGlobalSection
	GlobalSection(ProjectConfigurationPlatforms) = postSolution
		{21A6F22F-ED9C-4FEA-A126-BCBE8457F7EE}.Debug|Any CPU.ActiveCfg = Debug|Any CPU
		{21A6F22F-ED9C-4FEA-A126-BCBE8457F7EE}.Debug|Any CPU.Build.0 = Debug|Any CPU
		{21A6F22F-ED9C-4FEA-A126-BCBE8457F7EE}.Release|Any CPU.ActiveCfg = Release|Any CPU
		{21A6F22F-ED9C-4FEA-A126-BCBE8457F7EE}.Release|Any CPU.Build.0 = Release|Any CPU
	EndGlobalSection
	GlobalSection(SolutionProperties) = preSolution
		HideSolutionNode = FALSE
	EndGlobalSection
	GlobalSection(ExtensibilityGlobals) = postSolution
		SolutionGuid = {F5744DAE-4D4C-4852-BCC0-C31B01A68A3E}
	EndGlobalSection
EndGlobal
